
Microsoft Visual Studio Solution File, Format Version 12.00
# Visual Studio 15
VisualStudioVersion = 15.0.26124.0
MinimumVisualStudioVersion = 15.0.26124.0
Project("{FAE04EC0-301F-11D3-BF4B-00C04F79EFBC}") = "Milo.Practice", "Milo.Practice\Milo.Practice.csproj", "{F21C1EE1-0FF0-4517-B7F1-89225EFEF335}"
EndProject
Project("{FAE04EC0-301F-11D3-BF4B-00C04F79EFBC}") = "Milo.Practice.Tests", "Milo.Practice.Tests\Milo.Practice.Tests.csproj", "{055C6D34-5E37-4AC4-A4C6-85496FA09F55}"
EndProject
Global
	GlobalSection(SolutionConfigurationPlatforms) = preSolution
		Debug|Any CPU = Debug|Any CPU
		Debug|x64 = Debug|x64
		Debug|x86 = Debug|x86
		Release|Any CPU = Release|Any CPU
		Release|x64 = Release|x64
		Release|x86 = Release|x86
	EndGlobalSection
	GlobalSection(SolutionProperties) = preSolution
		HideSolutionNode = FALSE
	EndGlobalSection
	GlobalSection(ProjectConfigurationPlatforms) = postSolution
		{F21C1EE1-0FF0-4517-B7F1-89225EFEF335}.Debug|Any CPU.ActiveCfg = Debug|Any CPU
		{F21C1EE1-0FF0-4517-B7F1-89225EFEF335}.Debug|Any CPU.Build.0 = Debug|Any CPU
		{F21C1EE1-0FF0-4517-B7F1-89225EFEF335}.Debug|x64.ActiveCfg = Debug|Any CPU
		{F21C1EE1-0FF0-4517-B7F1-89225EFEF335}.Debug|x64.Build.0 = Debug|Any CPU
		{F21C1EE1-0FF0-4517-B7F1-89225EFEF335}.Debug|x86.ActiveCfg = Debug|Any CPU
		{F21C1EE1-0FF0-4517-B7F1-89225EFEF335}.Debug|x86.Build.0 = Debug|Any CPU
		{F21C1EE1-0FF0-4517-B7F1-89225EFEF335}.Release|Any CPU.ActiveCfg = Release|Any CPU
		{F21C1EE1-0FF0-4517-B7F1-89225EFEF335}.Release|Any CPU.Build.0 = Release|Any CPU
		{F21C1EE1-0FF0-4517-B7F1-89225EFEF335}.Release|x64.ActiveCfg = Release|Any CPU
		{F21C1EE1-0FF0-4517-B7F1-89225EFEF335}.Release|x64.Build.0 = Release|Any CPU
		{F21C1EE1-0FF0-4517-B7F1-89225EFEF335}.Release|x86.ActiveCfg = Release|Any CPU
		{F21C1EE1-0FF0-4517-B7F1-89225EFEF335}.Release|x86.Build.0 = Release|Any CPU
		{055C6D34-5E37-4AC4-A4C6-85496FA09F55}.Debug|Any CPU.ActiveCfg = Debug|Any CPU
		{055C6D34-5E37-4AC4-A4C6-85496FA09F55}.Debug|Any CPU.Build.0 = Debug|Any CPU
		{055C6D34-5E37-4AC4-A4C6-85496FA09F55}.Debug|x64.ActiveCfg = Debug|Any CPU
		{055C6D34-5E37-4AC4-A4C6-85496FA09F55}.Debug|x64.Build.0 = Debug|Any CPU
		{055C6D34-5E37-4AC4-A4C6-85496FA09F55}.Debug|x86.ActiveCfg = Debug|Any CPU
		{055C6D34-5E37-4AC4-A4C6-85496FA09F55}.Debug|x86.Build.0 = Debug|Any CPU
		{055C6D34-5E37-4AC4-A4C6-85496FA09F55}.Release|Any CPU.ActiveCfg = Release|Any CPU
		{055C6D34-5E37-4AC4-A4C6-85496FA09F55}.Release|Any CPU.Build.0 = Release|Any CPU
		{055C6D34-5E37-4AC4-A4C6-85496FA09F55}.Release|x64.ActiveCfg = Release|Any CPU
		{055C6D34-5E37-4AC4-A4C6-85496FA09F55}.Release|x64.Build.0 = Release|Any CPU
		{055C6D34-5E37-4AC4-A4C6-85496FA09F55}.Release|x86.ActiveCfg = Release|Any CPU
		{055C6D34-5E37-4AC4-A4C6-85496FA09F55}.Release|x86.Build.0 = Release|Any CPU
	EndGlobalSection
EndGlobal
